
Microsoft Visual Studio Solution File, Format Version 12.00
# Visual Studio 14
VisualStudioVersion = 14.0.25420.1
MinimumVisualStudioVersion = 10.0.40219.1
Project("{FAE04EC0-301F-11D3-BF4B-00C04F79EFBC}") = "Bridge.Newtonsoft.Json", "Bridge.Newtonsoft.Json\Bridge.Newtonsoft.Json.csproj", "{A007DF6C-CE04-4142-BDDA-812AB1B91AD0}"
EndProject
Project("{FAE04EC0-301F-11D3-BF4B-00C04F79EFBC}") = "Bridge.Newtonsoft.Json.Tests", "Bridge.Newtonsoft.Json.Tests\Bridge.Newtonsoft.Json.Tests.csproj", "{2E0BBC67-DDDF-4C46-8336-30E3E1EA64A2}"
EndProject
Global
	GlobalSection(SolutionConfigurationPlatforms) = preSolution
		Debug|Any CPU = Debug|Any CPU
		Release|Any CPU = Release|Any CPU
	EndGlobalSection
	GlobalSection(ProjectConfigurationPlatforms) = postSolution
		{A007DF6C-CE04-4142-BDDA-812AB1B91AD0}.Debug|Any CPU.ActiveCfg = Debug|Any CPU
		{A007DF6C-CE04-4142-BDDA-812AB1B91AD0}.Debug|Any CPU.Build.0 = Debug|Any CPU
		{A007DF6C-CE04-4142-BDDA-812AB1B91AD0}.Release|Any CPU.ActiveCfg = Release|Any CPU
		{A007DF6C-CE04-4142-BDDA-812AB1B91AD0}.Release|Any CPU.Build.0 = Release|Any CPU
		{2E0BBC67-DDDF-4C46-8336-30E3E1EA64A2}.Debug|Any CPU.ActiveCfg = Debug|Any CPU
		{2E0BBC67-DDDF-4C46-8336-30E3E1EA64A2}.Debug|Any CPU.Build.0 = Debug|Any CPU
		{2E0BBC67-DDDF-4C46-8336-30E3E1EA64A2}.Release|Any CPU.ActiveCfg = Release|Any CPU
		{2E0BBC67-DDDF-4C46-8336-30E3E1EA64A2}.Release|Any CPU.Build.0 = Release|Any CPU
	EndGlobalSection
	GlobalSection(SolutionProperties) = preSolution
		HideSolutionNode = FALSE
	EndGlobalSection
EndGlobal
